// !$*UTF8*$!
{
	archiveVersion = 1;
	classes = {
	};
	objectVersion = 50;
	objects = {

/* Begin PBXBuildFile section */
		BF10F39F212C017D0068850F /* AppDelegate.swift in Sources */ = {isa = PBXBuildFile; fileRef = BF10F39E212C017D0068850F /* AppDelegate.swift */; };
		BF10F3A1212C017D0068850F /* ViewController.swift in Sources */ = {isa = PBXBuildFile; fileRef = BF10F3A0212C017D0068850F /* ViewController.swift */; };
		BF10F3A4212C017D0068850F /* Main.storyboard in Resources */ = {isa = PBXBuildFile; fileRef = BF10F3A2212C017D0068850F /* Main.storyboard */; };
		BF10F3A6212C017E0068850F /* Assets.xcassets in Resources */ = {isa = PBXBuildFile; fileRef = BF10F3A5212C017E0068850F /* Assets.xcassets */; };
		BF10F3A9212C017E0068850F /* LaunchScreen.storyboard in Resources */ = {isa = PBXBuildFile; fileRef = BF10F3A7212C017E0068850F /* LaunchScreen.storyboard */; };
		BF32BA58212C055A003D31EC /* MinefieldCell.swift in Sources */ = {isa = PBXBuildFile; fileRef = BF32BA57212C055A003D31EC /* MinefieldCell.swift */; };
		BF32BA5A212C056F003D31EC /* MinesweeperModel.swift in Sources */ = {isa = PBXBuildFile; fileRef = BF32BA59212C056F003D31EC /* MinesweeperModel.swift */; };
		BF32BA5C212C0608003D31EC /* MinefieldCollectionViewCell.swift in Sources */ = {isa = PBXBuildFile; fileRef = BF32BA5B212C0608003D31EC /* MinefieldCollectionViewCell.swift */; };
/* End PBXBuildFile section */

/* Begin PBXFileReference section */
		BF10F39B212C017D0068850F /* Minesweeper.app */ = {isa = PBXFileReference; explicitFileType = wrapper.application; includeInIndex = 0; path = Minesweeper.app; sourceTree = BUILT_PRODUCTS_DIR; };
		BF10F39E212C017D0068850F /* AppDelegate.swift */ = {isa = PBXFileReference; lastKnownFileType = sourcecode.swift; path = AppDelegate.swift; sourceTree = "<group>"; };
		BF10F3A0212C017D0068850F /* ViewController.swift */ = {isa = PBXFileReference; lastKnownFileType = sourcecode.swift; path = ViewController.swift; sourceTree = "<group>"; };
		BF10F3A3212C017D0068850F /* Base */ = {isa = PBXFileReference; lastKnownFileType = file.storyboard; name = Base; path = Base.lproj/Main.storyboard; sourceTree = "<group>"; };
		BF10F3A5212C017E0068850F /* Assets.xcassets */ = {isa = PBXFileReference; lastKnownFileType = folder.assetcatalog; path = Assets.xcassets; sourceTree = "<group>"; };
		BF10F3A8212C017E0068850F /* Base */ = {isa = PBXFileReference; lastKnownFileType = file.storyboard; name = Base; path = Base.lproj/LaunchScreen.storyboard; sourceTree = "<group>"; };
		BF10F3AA212C017E0068850F /* Info.plist */ = {isa = PBXFileReference; lastKnownFileType = text.plist.xml; path = Info.plist; sourceTree = "<group>"; };
		BF32BA57212C055A003D31EC /* MinefieldCell.swift */ = {isa = PBXFileReference; lastKnownFileType = sourcecode.swift; path = MinefieldCell.swift; sourceTree = "<group>"; };
		BF32BA59212C056F003D31EC /* MinesweeperModel.swift */ = {isa = PBXFileReference; lastKnownFileType = sourcecode.swift; path = MinesweeperModel.swift; sourceTree = "<group>"; };
		BF32BA5B212C0608003D31EC /* MinefieldCollectionViewCell.swift */ = {isa = PBXFileReference; lastKnownFileType = sourcecode.swift; path = MinefieldCollectionViewCell.swift; sourceTree = "<group>"; };
/* End PBXFileReference section */

/* Begin PBXFrameworksBuildPhase section */
		BF10F398212C017D0068850F /* Frameworks */ = {
			isa = PBXFrameworksBuildPhase;
			buildActionMask = 2147483647;
			files = (
			);
			runOnlyForDeploymentPostprocessing = 0;
		};
/* End PBXFrameworksBuildPhase section */

/* Begin PBXGroup section */
		BF10F392212C017D0068850F = {
			isa = PBXGroup;
			children = (
				BF10F39D212C017D0068850F /* Minesweeper */,
				BF10F39C212C017D0068850F /* Products */,
			);
			sourceTree = "<group>";
		};
		BF10F39C212C017D0068850F /* Products */ = {
			isa = PBXGroup;
			children = (
				BF10F39B212C017D0068850F /* Minesweeper.app */,
			);
			name = Products;
			sourceTree = "<group>";
		};
		BF10F39D212C017D0068850F /* Minesweeper */ = {
			isa = PBXGroup;
			children = (
				BF10F39E212C017D0068850F /* AppDelegate.swift */,
				BF32BA57212C055A003D31EC /* MinefieldCell.swift */,
				BF32BA59212C056F003D31EC /* MinesweeperModel.swift */,
				BF32BA5B212C0608003D31EC /* MinefieldCollectionViewCell.swift */,
				BF10F3A0212C017D0068850F /* ViewController.swift */,
				BF10F3A2212C017D0068850F /* Main.storyboard */,
				BF10F3A5212C017E0068850F /* Assets.xcassets */,
				BF10F3A7212C017E0068850F /* LaunchScreen.storyboard */,
				BF10F3AA212C017E0068850F /* Info.plist */,
			);
			path = Minesweeper;
			sourceTree = "<group>";
		};
/* End PBXGroup section */

/* Begin PBXNativeTarget section */
		BF10F39A212C017D0068850F /* Minesweeper */ = {
			isa = PBXNativeTarget;
			buildConfigurationList = BF10F3AD212C017E0068850F /* Build configuration list for PBXNativeTarget "Minesweeper" */;
			buildPhases = (
				BF10F397212C017D0068850F /* Sources */,
				BF10F398212C017D0068850F /* Frameworks */,
				BF10F399212C017D0068850F /* Resources */,
			);
			buildRules = (
			);
			dependencies = (
			);
			name = Minesweeper;
			productName = Minesweeper;
			productReference = BF10F39B212C017D0068850F /* Minesweeper.app */;
			productType = "com.apple.product-type.application";
		};
/* End PBXNativeTarget section */

/* Begin PBXProject section */
		BF10F393212C017D0068850F /* Project object */ = {
			isa = PBXProject;
			attributes = {
				LastSwiftUpdateCheck = 0940;
				LastUpgradeCheck = 0940;
				ORGANIZATIONNAME = "Bianca Catoto";
				TargetAttributes = {
					BF10F39A212C017D0068850F = {
						CreatedOnToolsVersion = 9.4.1;
					};
				};
			};
			buildConfigurationList = BF10F396212C017D0068850F /* Build configuration list for PBXProject "Minesweeper" */;
			compatibilityVersion = "Xcode 9.3";
			developmentRegion = en;
			hasScannedForEncodings = 0;
			knownRegions = (
				en,
				Base,
			);
			mainGroup = BF10F392212C017D0068850F;
			productRefGroup = BF10F39C212C017D0068850F /* Products */;
			projectDirPath = "";
			projectRoot = "";
			targets = (
				BF10F39A212C017D0068850F /* Minesweeper */,
			);
		};
/* End PBXProject section */

/* Begin PBXResourcesBuildPhase section */
		BF10F399212C017D0068850F /* Resources */ = {
			isa = PBXResourcesBuildPhase;
			buildActionMask = 2147483647;
			files = (
				BF10F3A9212C017E0068850F /* LaunchScreen.storyboard in Resources */,
				BF10F3A6212C017E0068850F /* Assets.xcassets in Resources */,
				BF10F3A4212C017D0068850F /* Main.storyboard in Resources */,
			);
			runOnlyForDeploymentPostprocessing = 0;
		};
/* End PBXResourcesBuildPhase section */

/* Begin PBXSourcesBuildPhase section */
		BF10F397212C017D0068850F /* Sources */ = {
			isa = PBXSourcesBuildPhase;
			buildActionMask = 2147483647;
			files = (
				BF10F3A1212C017D0068850F /* ViewController.swift in Sources */,
				BF32BA58212C055A003D31EC /* MinefieldCell.swift in Sources */,
				BF32BA5A212C056F003D31EC /* MinesweeperModel.swift in Sources */,
				BF32BA5C212C0608003D31EC /* MinefieldCollectionViewCell.swift in Sources */,
				BF10F39F212C017D0068850F /* AppDelegate.swift in Sources */,
			);
			runOnlyForDeploymentPostprocessing = 0;
		};
/* End PBXSourcesBuildPhase section */

/* Begin PBXVariantGroup section */
		BF10F3A2212C017D0068850F /* Main.storyboard */ = {
			isa = PBXVariantGroup;
			children = (
				BF10F3A3212C017D0068850F /* Base */,
			);
			name = Main.storyboard;
			sourceTree = "<group>";
		};
		BF10F3A7212C017E0068850F /* LaunchScreen.storyboard */ = {
			isa = PBXVariantGroup;
			children = (
				BF10F3A8212C017E0068850F /* Base */,
			);
			name = LaunchScreen.storyboard;
			sourceTree = "<group>";
		};
/* End PBXVariantGroup section */

/* Begin XCBuildConfiguration section */
		BF10F3AB212C017E0068850F /* Debug */ = {
			isa = XCBuildConfiguration;
			buildSettings = {
				ALWAYS_SEARCH_USER_PATHS = NO;
				CLANG_ANALYZER_NONNULL = YES;
				CLANG_ANALYZER_NUMBER_OBJECT_CONVERSION = YES_AGGRESSIVE;
				CLANG_CXX_LANGUAGE_STANDARD = "gnu++14";
				CLANG_CXX_LIBRARY = "libc++";
				CLANG_ENABLE_MODULES = YES;
				CLANG_ENABLE_OBJC_ARC = YES;
				CLANG_ENABLE_OBJC_WEAK = YES;
				CLANG_WARN_BLOCK_CAPTURE_AUTORELEASING = YES;
				CLANG_WARN_BOOL_CONVERSION = YES;
				CLANG_WARN_COMMA = YES;
				CLANG_WARN_CONSTANT_CONVERSION = YES;
				CLANG_WARN_DEPRECATED_OBJC_IMPLEMENTATIONS = YES;
				CLANG_WARN_DIRECT_OBJC_ISA_USAGE = YES_ERROR;
				CLANG_WARN_DOCUMENTATION_COMMENTS = YES;
				CLANG_WARN_EMPTY_BODY = YES;
				CLANG_WARN_ENUM_CONVERSION = YES;
				CLANG_WARN_INFINITE_RECURSION = YES;
				CLANG_WARN_INT_CONVERSION = YES;
				CLANG_WARN_NON_LITERAL_NULL_CONVERSION = YES;
				CLANG_WARN_OBJC_IMPLICIT_RETAIN_SELF = YES;
				CLANG_WARN_OBJC_LITERAL_CONVERSION = YES;
				CLANG_WARN_OBJC_ROOT_CLASS = YES_ERROR;
				CLANG_WARN_RANGE_LOOP_ANALYSIS = YES;
				CLANG_WARN_STRICT_PROTOTYPES = YES;
				CLANG_WARN_SUSPICIOUS_MOVE = YES;
				CLANG_WARN_UNGUARDED_AVAILABILITY = YES_AGGRESSIVE;
				CLANG_WARN_UNREACHABLE_CODE = YES;
				CLANG_WARN__DUPLICATE_METHOD_MATCH = YES;
				CODE_SIGN_IDENTITY = "iPhone Developer";
				COPY_PHASE_STRIP = NO;
				DEBUG_INFORMATION_FORMAT = dwarf;
				ENABLE_STRICT_OBJC_MSGSEND = YES;
				ENABLE_TESTABILITY = YES;
				GCC_C_LANGUAGE_STANDARD = gnu11;
				GCC_DYNAMIC_NO_PIC = NO;
				GCC_NO_COMMON_BLOCKS = YES;
				GCC_OPTIMIZATION_LEVEL = 0;
				GCC_PREPROCESSOR_DEFINITIONS = (
					"DEBUG=1",
					"$(inherited)",
				);
				GCC_WARN_64_TO_32_BIT_CONVERSION = YES;
				GCC_WARN_ABOUT_RETURN_TYPE = YES_ERROR;
				GCC_WARN_UNDECLARED_SELECTOR = YES;
				GCC_WARN_UNINITIALIZED_AUTOS = YES_AGGRESSIVE;
				GCC_WARN_UNUSED_FUNCTION = YES;
				GCC_WARN_UNUSED_VARIABLE = YES;
				IPHONEOS_DEPLOYMENT_TARGET = 11.4;
				MTL_ENABLE_DEBUG_INFO = YES;
				ONLY_ACTIVE_ARCH = YES;
				SDKROOT = iphoneos;
				SWIFT_ACTIVE_COMPILATION_CONDITIONS = DEBUG;
				SWIFT_OPTIMIZATION_LEVEL = "-Onone";
			};
			name = Debug;
		};
		BF10F3AC212C017E0068850F /* Release */ = {
			isa = XCBuildConfiguration;
			buildSettings = {
				ALWAYS_SEARCH_USER_PATHS = NO;
				CLANG_ANALYZER_NONNULL = YES;
				CLANG_ANALYZER_NUMBER_OBJECT_CONVERSION = YES_AGGRESSIVE;
				CLANG_CXX_LANGUAGE_STANDARD = "gnu++14";
				CLANG_CXX_LIBRARY = "libc++";
				CLANG_ENABLE_MODULES = YES;
				CLANG_ENABLE_OBJC_ARC = YES;
				CLANG_ENABLE_OBJC_WEAK = YES;
				CLANG_WARN_BLOCK_CAPTURE_AUTORELEASING = YES;
				CLANG_WARN_BOOL_CONVERSION = YES;
				CLANG_WARN_COMMA = YES;
				CLANG_WARN_CONSTANT_CONVERSION = YES;
				CLANG_WARN_DEPRECATED_OBJC_IMPLEMENTATIONS = YES;
				CLANG_WARN_DIRECT_OBJC_ISA_USAGE = YES_ERROR;
				CLANG_WARN_DOCUMENTATION_COMMENTS = YES;
				CLANG_WARN_EMPTY_BODY = YES;
				CLANG_WARN_ENUM_CONVERSION = YES;
				CLANG_WARN_INFINITE_RECURSION = YES;
				CLANG_WARN_INT_CONVERSION = YES;
				CLANG_WARN_NON_LITERAL_NULL_CONVERSION = YES;
				CLANG_WARN_OBJC_IMPLICIT_RETAIN_SELF = YES;
				CLANG_WARN_OBJC_LITERAL_CONVERSION = YES;
				CLANG_WARN_OBJC_ROOT_CLASS = YES_ERROR;
				CLANG_WARN_RANGE_LOOP_ANALYSIS = YES;
				CLANG_WARN_STRICT_PROTOTYPES = YES;
				CLANG_WARN_SUSPICIOUS_MOVE = YES;
				CLANG_WARN_UNGUARDED_AVAILABILITY = YES_AGGRESSIVE;
				CLANG_WARN_UNREACHABLE_CODE = YES;
				CLANG_WARN__DUPLICATE_METHOD_MATCH = YES;
				CODE_SIGN_IDENTITY = "iPhone Developer";
				COPY_PHASE_STRIP = NO;
				DEBUG_INFORMATION_FORMAT = "dwarf-with-dsym";
				ENABLE_NS_ASSERTIONS = NO;
				ENABLE_STRICT_OBJC_MSGSEND = YES;
				GCC_C_LANGUAGE_STANDARD = gnu11;
				GCC_NO_COMMON_BLOCKS = YES;
				GCC_WARN_64_TO_32_BIT_CONVERSION = YES;
				GCC_WARN_ABOUT_RETURN_TYPE = YES_ERROR;
				GCC_WARN_UNDECLARED_SELECTOR = YES;
				GCC_WARN_UNINITIALIZED_AUTOS = YES_AGGRESSIVE;
				GCC_WARN_UNUSED_FUNCTION = YES;
				GCC_WARN_UNUSED_VARIABLE = YES;
				IPHONEOS_DEPLOYMENT_TARGET = 11.4;
				MTL_ENABLE_DEBUG_INFO = NO;
				SDKROOT = iphoneos;
				SWIFT_COMPILATION_MODE = wholemodule;
				SWIFT_OPTIMIZATION_LEVEL = "-O";
				VALIDATE_PRODUCT = YES;
			};
			name = Release;
		};
		BF10F3AE212C017E0068850F /* Debug */ = {
			isa = XCBuildConfiguration;
			buildSettings = {
				ASSETCATALOG_COMPILER_APPICON_NAME = AppIcon;
				CODE_SIGN_STYLE = Automatic;
				DEVELOPMENT_TEAM = 4V6P66X7XM;
				INFOPLIST_FILE = Minesweeper/Info.plist;
				LD_RUNPATH_SEARCH_PATHS = (
					"$(inherited)",
					"@executable_path/Frameworks",
				);
				PRODUCT_BUNDLE_IDENTIFIER = com.bcatoto.Minesweeper;
				PRODUCT_NAME = "$(TARGET_NAME)";
				SWIFT_VERSION = 4.0;
				TARGETED_DEVICE_FAMILY = "1,2";
			};
			name = Debug;
		};
		BF10F3AF212C017E0068850F /* Release */ = {
			isa = XCBuildConfiguration;
			buildSettings = {
				ASSETCATALOG_COMPILER_APPICON_NAME = AppIcon;
				CODE_SIGN_STYLE = Automatic;
				DEVELOPMENT_TEAM = 4V6P66X7XM;
				INFOPLIST_FILE = Minesweeper/Info.plist;
				LD_RUNPATH_SEARCH_PATHS = (
					"$(inherited)",
					"@executable_path/Frameworks",
				);
				PRODUCT_BUNDLE_IDENTIFIER = com.bcatoto.Minesweeper;
				PRODUCT_NAME = "$(TARGET_NAME)";
				SWIFT_VERSION = 4.0;
				TARGETED_DEVICE_FAMILY = "1,2";
			};
			name = Release;
		};
/* End XCBuildConfiguration section */

/* Begin XCConfigurationList section */
		BF10F396212C017D0068850F /* Build configuration list for PBXProject "Minesweeper" */ = {
			isa = XCConfigurationList;
			buildConfigurations = (
				BF10F3AB212C017E0068850F /* Debug */,
				BF10F3AC212C017E0068850F /* Release */,
			);
			defaultConfigurationIsVisible = 0;
			defaultConfigurationName = Release;
		};
		BF10F3AD212C017E0068850F /* Build configuration list for PBXNativeTarget "Minesweeper" */ = {
			isa = XCConfigurationList;
			buildConfigurations = (
				BF10F3AE212C017E0068850F /* Debug */,
				BF10F3AF212C017E0068850F /* Release */,
			);
			defaultConfigurationIsVisible = 0;
			defaultConfigurationName = Release;
		};
/* End XCConfigurationList section */
	};
	rootObject = BF10F393212C017D0068850F /* Project object */;
}
